{
  "nodes": {
    "infuse": {
      "flake": false,
      "locked": {
        "lastModified": 1782538150,
        "narHash": "sha256-PFRrjDC62Mk7cgyst4l/riW0C7o39srZt/+rYq9Iovs=",
        "ref": "refs/tags/v2.6",
        "rev": "364ea18b5611b5fd6a6acd7151411b430a70e194",
        "revCount": 57,
        "type": "git",
        "url": "https://codeberg.org/amjoseph/infuse.nix"
      },
      "original": {
        "ref": "refs/tags/v2.6",
        "rev": "364ea18b5611b5fd6a6acd7151411b430a70e194",
        "type": "git",
        "url": "https://codeberg.org/amjoseph/infuse.nix"
      }
    },
    "nixpkgs": {
      "locked": {
        "lastModified": 1790218706,
        "narHash": "sha256-6e4Na3z008XpdVyOXgfasXIn1aN+z8AXFG+jXdQSyuI=",
        "owner": "nixos",
        "repo": "nixpkgs",
        "rev": "c508844df6c28fa6dabc1b6af70f3ccbd65c5201",
        "type": "github"
      },
      "original": {
        "owner": "nixos",
        "ref": "nixos-26.05",
        "repo": "nixpkgs",
        "type": "github"
      }
    },
    "nixpkgs-unstable": {
      "locked": {
        "lastModified": 1790185690,
        "narHash": "sha256-xJ+X4hBtOcAFGBOe5nAMyMUeF9foJBmIOu3NjBqBycU=",
        "owner": "nixos",
        "repo": "nixpkgs",
        "rev": "4975466d324710c576dc11ad614684e6bd8cad8e",
        "type": "github"
      },
      "original": {
        "owner": "nixos",
        "ref": "nixos-unstable",
        "repo": "nixpkgs",
        "type": "github"
      }
    },
    "readTree": {
      "flake": false,
      "locked": {
        "narHash": "sha256-8kvmdVJNYwWkgkktVnNdkEQj4xOhSvllUcy+D0rnD7o=",
        "type": "file",
        "url": "https://codeberg.org/amjoseph/depot/raw/commit/874181181145c7004be6164baea912bde78f43f6/nix/readTree/default.nix"
      },
      "original": {
        "type": "file",
        "url": "https://codeberg.org/amjoseph/depot/raw/commit/874181181145c7004be6164baea912bde78f43f6/nix/readTree/default.nix"
      }
    },
    "root": {
      "inputs": {
        "nixpkgs": "nixpkgs",
        "nixpkgs-unstable": "nixpkgs-unstable",
        "senaryos": "senaryos"
      }
    },
    "senaryos": {
      "inputs": {
        "infuse": "infuse",
        "nixpkgs": [
          "nixpkgs"
        ],
        "readTree": "readTree",
        "six-initrd": "six-initrd",
        "yants": "yants"
      },
      "locked": {
        "lastModified": 1790501950,
        "narHash": "sha256-utK8YvOEwVJrIJ6oSTYDfYOxM/25xTSTA4pjWJjea0w=",
        "owner": "Milner39",
        "repo": "senary-os",
        "rev": "d4434b55bd177f0b757237fdfd8a570bf4d4b4fd",
        "type": "github"
      },
      "original": {
        "owner": "Milner39",
        "repo": "senary-os",
        "type": "github"
      }
    },
    "six-initrd": {
      "flake": false,
      "locked": {
        "lastModified": 1724748547,
        "narHash": "sha256-YO7hoC0lzx0dDyNZG4MGweBYaQhHalFYdju68zLdaj4=",
        "ref": "refs/heads/master",
        "rev": "eeba355b70b7fbc6f7f439c8a76cef9d561e03b5",
        "revCount": 12,
        "type": "git",
        "url": "https://codeberg.org/amjoseph/six-initrd"
      },
      "original": {
        "rev": "eeba355b70b7fbc6f7f439c8a76cef9d561e03b5",
        "type": "git",
        "url": "https://codeberg.org/amjoseph/six-initrd"
      }
    },
    "yants": {
      "flake": false,
      "locked": {
        "narHash": "sha256-nqHIq2oAnKicNhNA4Ew6hov34gimTLUOjhg+e0e1SI0=",
        "type": "file",
        "url": "https://raw.githubusercontent.com/tvl-fyi/depot/b0547ccfa5e74cf21e813cd18f64ef62f1bf3734/nix/yants/default.nix"
      },
      "original": {
        "type": "file",
        "url": "https://raw.githubusercontent.com/tvl-fyi/depot/b0547ccfa5e74cf21e813cd18f64ef62f1bf3734/nix/yants/default.nix"
      }
    }
  },
  "root": "root",
  "version": 7
}
