{
  "nodes": {
    "nixpkgs": {
      "locked": {
        "lastModified": 1790218706,
        "narHash": "sha256-6e4Na3z008XpdVyOXgfasXIn1aN+z8AXFG+jXdQSyuI=",
        "owner": "nixos",
        "repo": "nixpkgs",
        "rev": "c508844df6c28fa6dabc1b6af70f3ccbd65c5201",
        "type": "github"
      },
      "original": {
        "owner": "nixos",
        "ref": "nixos-26.05",
        "repo": "nixpkgs",
        "type": "github"
      }
    },
    "nixpkgs-unstable": {
      "locked": {
        "lastModified": 1790185690,
        "narHash": "sha256-xJ+X4hBtOcAFGBOe5nAMyMUeF9foJBmIOu3NjBqBycU=",
        "owner": "nixos",
        "repo": "nixpkgs",
        "rev": "4975466d324710c576dc11ad614684e6bd8cad8e",
        "type": "github"
      },
      "original": {
        "owner": "nixos",
        "ref": "nixos-unstable",
        "repo": "nixpkgs",
        "type": "github"
      }
    },
    "root": {
      "inputs": {
        "nixpkgs": "nixpkgs",
        "nixpkgs-unstable": "nixpkgs-unstable",
        "senaryos": "senaryos"
      }
    },
    "senaryos": {
      "flake": false,
      "locked": {
        "lastModified": 1790430958,
        "narHash": "sha256-w3ftjgkObyb719+nwUcuNBbTVRqXouUMQi+IQBVV50E=",
        "owner": "Milner39",
        "repo": "senary-os",
        "rev": "13f53dd1cd8e2ddeead38e5741e212c65141c66b",
        "type": "github"
      },
      "original": {
        "owner": "Milner39",
        "repo": "senary-os",
        "type": "github"
      }
    }
  },
  "root": "root",
  "version": 7
}
